
Microsoft Visual Studio Solution File, Format Version 12.00
# Visual Studio 15
VisualStudioVersion = 15.0.28307.705
MinimumVisualStudioVersion = 10.0.40219.1
Project("{FAE04EC0-301F-11D3-BF4B-00C04F79EFBC}") = "EnvyAudioChat", "EnvyAudioChat\EnvyAudioChat.csproj", "{E8542C33-4E6B-43D8-804E-BCD138D802F4}"
EndProject
Global
	GlobalSection(SolutionConfigurationPlatforms) = preSolution
		Debug|Any CPU = Debug|Any CPU
		Release|Any CPU = Release|Any CPU
	EndGlobalSection
	GlobalSection(ProjectConfigurationPlatforms) = postSolution
		{E8542C33-4E6B-43D8-804E-BCD138D802F4}.Debug|Any CPU.ActiveCfg = Debug|Any CPU
		{E8542C33-4E6B-43D8-804E-BCD138D802F4}.Debug|Any CPU.Build.0 = Debug|Any CPU
		{E8542C33-4E6B-43D8-804E-BCD138D802F4}.Release|Any CPU.ActiveCfg = Release|Any CPU
		{E8542C33-4E6B-43D8-804E-BCD138D802F4}.Release|Any CPU.Build.0 = Release|Any CPU
	EndGlobalSection
	GlobalSection(SolutionProperties) = preSolution
		HideSolutionNode = FALSE
	EndGlobalSection
	GlobalSection(ExtensibilityGlobals) = postSolution
		SolutionGuid = {D9E780E3-B148-4405-BC42-1FB00E82A60A}
	EndGlobalSection
EndGlobal
